// !$*UTF8*$!
{
	archiveVersion = 1;
	classes = {
	};
	objectVersion = 46;
	objects = {

/* Begin PBXBuildFile section */
		431CFB211A72939D00EFE132 /* main.m in Sources */ = {isa = PBXBuildFile; fileRef = 431CFB201A72939D00EFE132 /* main.m */; };
		431CFB241A72939D00EFE132 /* AppDelegate.m in Sources */ = {isa = PBXBuildFile; fileRef = 431CFB231A72939D00EFE132 /* AppDelegate.m */; };
		431CFB271A72939D00EFE132 /* MasterViewController.m in Sources */ = {isa = PBXBuildFile; fileRef = 431CFB261A72939D00EFE132 /* MasterViewController.m */; };
		431CFB2A1A72939D00EFE132 /* DetailViewController.m in Sources */ = {isa = PBXBuildFile; fileRef = 431CFB291A72939D00EFE132 /* DetailViewController.m */; };
		431CFB2D1A72939D00EFE132 /* Main.storyboard in Resources */ = {isa = PBXBuildFile; fileRef = 431CFB2B1A72939D00EFE132 /* Main.storyboard */; };
		431CFB2F1A72939D00EFE132 /* Images.xcassets in Resources */ = {isa = PBXBuildFile; fileRef = 431CFB2E1A72939D00EFE132 /* Images.xcassets */; };
		431CFB321A72939D00EFE132 /* LaunchScreen.xib in Resources */ = {isa = PBXBuildFile; fileRef = 431CFB301A72939D00EFE132 /* LaunchScreen.xib */; };
		431CFB3E1A72939D00EFE132 /* Prototyper_TestTests.m in Sources */ = {isa = PBXBuildFile; fileRef = 431CFB3D1A72939D00EFE132 /* Prototyper_TestTests.m */; };
/* End PBXBuildFile section */

/* Begin PBXContainerItemProxy section */
		431CFB381A72939D00EFE132 /* PBXContainerItemProxy */ = {
			isa = PBXContainerItemProxy;
			containerPortal = 431CFB131A72939D00EFE132 /* Project object */;
			proxyType = 1;
			remoteGlobalIDString = 431CFB1A1A72939D00EFE132;
			remoteInfo = "Prototyper-Test";
		};
/* End PBXContainerItemProxy section */

/* Begin PBXFileReference section */
		431CFB1B1A72939D00EFE132 /* Prototyper-Test.app */ = {isa = PBXFileReference; explicitFileType = wrapper.application; includeInIndex = 0; path = "Prototyper-Test.app"; sourceTree = BUILT_PRODUCTS_DIR; };
		431CFB1F1A72939D00EFE132 /* Info.plist */ = {isa = PBXFileReference; lastKnownFileType = text.plist.xml; path = Info.plist; sourceTree = "<group>"; };
		431CFB201A72939D00EFE132 /* main.m */ = {isa = PBXFileReference; lastKnownFileType = sourcecode.c.objc; path = main.m; sourceTree = "<group>"; };
		431CFB221A72939D00EFE132 /* AppDelegate.h */ = {isa = PBXFileReference; lastKnownFileType = sourcecode.c.h; path = AppDelegate.h; sourceTree = "<group>"; };
		431CFB231A72939D00EFE132 /* AppDelegate.m */ = {isa = PBXFileReference; lastKnownFileType = sourcecode.c.objc; path = AppDelegate.m; sourceTree = "<group>"; };
		431CFB251A72939D00EFE132 /* MasterViewController.h */ = {isa = PBXFileReference; lastKnownFileType = sourcecode.c.h; path = MasterViewController.h; sourceTree = "<group>"; };
		431CFB261A72939D00EFE132 /* MasterViewController.m */ = {isa = PBXFileReference; lastKnownFileType = sourcecode.c.objc; path = MasterViewController.m; sourceTree = "<group>"; };
		431CFB281A72939D00EFE132 /* DetailViewController.h */ = {isa = PBXFileReference; lastKnownFileType = sourcecode.c.h; path = DetailViewController.h; sourceTree = "<group>"; };
		431CFB291A72939D00EFE132 /* DetailViewController.m */ = {isa = PBXFileReference; lastKnownFileType = sourcecode.c.objc; path = DetailViewController.m; sourceTree = "<group>"; };
		431CFB2C1A72939D00EFE132 /* Base */ = {isa = PBXFileReference; lastKnownFileType = file.storyboard; name = Base; path = Base.lproj/Main.storyboard; sourceTree = "<group>"; };
		431CFB2E1A72939D00EFE132 /* Images.xcassets */ = {isa = PBXFileReference; lastKnownFileType = folder.assetcatalog; path = Images.xcassets; sourceTree = "<group>"; };
		431CFB311A72939D00EFE132 /* Base */ = {isa = PBXFileReference; lastKnownFileType = file.xib; name = Base; path = Base.lproj/LaunchScreen.xib; sourceTree = "<group>"; };
		431CFB371A72939D00EFE132 /* Prototyper-TestTests.xctest */ = {isa = PBXFileReference; explicitFileType = wrapper.cfbundle; includeInIndex = 0; path = "Prototyper-TestTests.xctest"; sourceTree = BUILT_PRODUCTS_DIR; };
		431CFB3C1A72939D00EFE132 /* Info.plist */ = {isa = PBXFileReference; lastKnownFileType = text.plist.xml; path = Info.plist; sourceTree = "<group>"; };
		431CFB3D1A72939D00EFE132 /* Prototyper_TestTests.m */ = {isa = PBXFileReference; lastKnownFileType = sourcecode.c.objc; path = Prototyper_TestTests.m; sourceTree = "<group>"; };
/* End PBXFileReference section */

/* Begin PBXFrameworksBuildPhase section */
		431CFB181A72939D00EFE132 /* Frameworks */ = {
			isa = PBXFrameworksBuildPhase;
			buildActionMask = 2147483647;
			files = (
			);
			runOnlyForDeploymentPostprocessing = 0;
		};
		431CFB341A72939D00EFE132 /* Frameworks */ = {
			isa = PBXFrameworksBuildPhase;
			buildActionMask = 2147483647;
			files = (
			);
			runOnlyForDeploymentPostprocessing = 0;
		};
/* End PBXFrameworksBuildPhase section */

/* Begin PBXGroup section */
		431CFB121A72939D00EFE132 = {
			isa = PBXGroup;
			children = (
				431CFB1D1A72939D00EFE132 /* Prototyper-Test */,
				431CFB3A1A72939D00EFE132 /* Prototyper-TestTests */,
				431CFB1C1A72939D00EFE132 /* Products */,
			);
			sourceTree = "<group>";
		};
		431CFB1C1A72939D00EFE132 /* Products */ = {
			isa = PBXGroup;
			children = (
				431CFB1B1A72939D00EFE132 /* Prototyper-Test.app */,
				431CFB371A72939D00EFE132 /* Prototyper-TestTests.xctest */,
			);
			name = Products;
			sourceTree = "<group>";
		};
		431CFB1D1A72939D00EFE132 /* Prototyper-Test */ = {
			isa = PBXGroup;
			children = (
				431CFB221A72939D00EFE132 /* AppDelegate.h */,
				431CFB231A72939D00EFE132 /* AppDelegate.m */,
				431CFB251A72939D00EFE132 /* MasterViewController.h */,
				431CFB261A72939D00EFE132 /* MasterViewController.m */,
				431CFB281A72939D00EFE132 /* DetailViewController.h */,
				431CFB291A72939D00EFE132 /* DetailViewController.m */,
				431CFB2B1A72939D00EFE132 /* Main.storyboard */,
				431CFB2E1A72939D00EFE132 /* Images.xcassets */,
				431CFB301A72939D00EFE132 /* LaunchScreen.xib */,
				431CFB1E1A72939D00EFE132 /* Supporting Files */,
			);
			path = "Prototyper-Test";
			sourceTree = "<group>";
		};
		431CFB1E1A72939D00EFE132 /* Supporting Files */ = {
			isa = PBXGroup;
			children = (
				431CFB1F1A72939D00EFE132 /* Info.plist */,
				431CFB201A72939D00EFE132 /* main.m */,
			);
			name = "Supporting Files";
			sourceTree = "<group>";
		};
		431CFB3A1A72939D00EFE132 /* Prototyper-TestTests */ = {
			isa = PBXGroup;
			children = (
				431CFB3D1A72939D00EFE132 /* Prototyper_TestTests.m */,
				431CFB3B1A72939D00EFE132 /* Supporting Files */,
			);
			path = "Prototyper-TestTests";
			sourceTree = "<group>";
		};
		431CFB3B1A72939D00EFE132 /* Supporting Files */ = {
			isa = PBXGroup;
			children = (
				431CFB3C1A72939D00EFE132 /* Info.plist */,
			);
			name = "Supporting Files";
			sourceTree = "<group>";
		};
/* End PBXGroup section */

/* Begin PBXNativeTarget section */
		431CFB1A1A72939D00EFE132 /* Prototyper-Test */ = {
			isa = PBXNativeTarget;
			buildConfigurationList = 431CFB411A72939D00EFE132 /* Build configuration list for PBXNativeTarget "Prototyper-Test" */;
			buildPhases = (
				431CFB171A72939D00EFE132 /* Sources */,
				431CFB181A72939D00EFE132 /* Frameworks */,
				431CFB191A72939D00EFE132 /* Resources */,
			);
			buildRules = (
			);
			dependencies = (
			);
			name = "Prototyper-Test";
			productName = "Prototyper-Test";
			productReference = 431CFB1B1A72939D00EFE132 /* Prototyper-Test.app */;
			productType = "com.apple.product-type.application";
		};
		431CFB361A72939D00EFE132 /* Prototyper-TestTests */ = {
			isa = PBXNativeTarget;
			buildConfigurationList = 431CFB441A72939D00EFE132 /* Build configuration list for PBXNativeTarget "Prototyper-TestTests" */;
			buildPhases = (
				431CFB331A72939D00EFE132 /* Sources */,
				431CFB341A72939D00EFE132 /* Frameworks */,
				431CFB351A72939D00EFE132 /* Resources */,
			);
			buildRules = (
			);
			dependencies = (
				431CFB391A72939D00EFE132 /* PBXTargetDependency */,
			);
			name = "Prototyper-TestTests";
			productName = "Prototyper-TestTests";
			productReference = 431CFB371A72939D00EFE132 /* Prototyper-TestTests.xctest */;
			productType = "com.apple.product-type.bundle.unit-test";
		};
/* End PBXNativeTarget section */

/* Begin PBXProject section */
		431CFB131A72939D00EFE132 /* Project object */ = {
			isa = PBXProject;
			attributes = {
				LastUpgradeCheck = 0610;
				ORGANIZATIONNAME = "Tieto Corp";
				TargetAttributes = {
					431CFB1A1A72939D00EFE132 = {
						CreatedOnToolsVersion = 6.1.1;
					};
					431CFB361A72939D00EFE132 = {
						CreatedOnToolsVersion = 6.1.1;
						TestTargetID = 431CFB1A1A72939D00EFE132;
					};
				};
			};
			buildConfigurationList = 431CFB161A72939D00EFE132 /* Build configuration list for PBXProject "Prototyper-Test" */;
			compatibilityVersion = "Xcode 3.2";
			developmentRegion = English;
			hasScannedForEncodings = 0;
			knownRegions = (
				en,
				Base,
			);
			mainGroup = 431CFB121A72939D00EFE132;
			productRefGroup = 431CFB1C1A72939D00EFE132 /* Products */;
			projectDirPath = "";
			projectRoot = "";
			targets = (
				431CFB1A1A72939D00EFE132 /* Prototyper-Test */,
				431CFB361A72939D00EFE132 /* Prototyper-TestTests */,
			);
		};
/* End PBXProject section */

/* Begin PBXResourcesBuildPhase section */
		431CFB191A72939D00EFE132 /* Resources */ = {
			isa = PBXResourcesBuildPhase;
			buildActionMask = 2147483647;
			files = (
				431CFB2D1A72939D00EFE132 /* Main.storyboard in Resources */,
				431CFB321A72939D00EFE132 /* LaunchScreen.xib in Resources */,
				431CFB2F1A72939D00EFE132 /* Images.xcassets in Resources */,
			);
			runOnlyForDeploymentPostprocessing = 0;
		};
		431CFB351A72939D00EFE132 /* Resources */ = {
			isa = PBXResourcesBuildPhase;
			buildActionMask = 2147483647;
			files = (
			);
			runOnlyForDeploymentPostprocessing = 0;
		};
/* End PBXResourcesBuildPhase section */

/* Begin PBXSourcesBuildPhase section */
		431CFB171A72939D00EFE132 /* Sources */ = {
			isa = PBXSourcesBuildPhase;
			buildActionMask = 2147483647;
			files = (
				431CFB241A72939D00EFE132 /* AppDelegate.m in Sources */,
				431CFB271A72939D00EFE132 /* MasterViewController.m in Sources */,
				431CFB211A72939D00EFE132 /* main.m in Sources */,
				431CFB2A1A72939D00EFE132 /* DetailViewController.m in Sources */,
			);
			runOnlyForDeploymentPostprocessing = 0;
		};
		431CFB331A72939D00EFE132 /* Sources */ = {
			isa = PBXSourcesBuildPhase;
			buildActionMask = 2147483647;
			files = (
				431CFB3E1A72939D00EFE132 /* Prototyper_TestTests.m in Sources */,
			);
			runOnlyForDeploymentPostprocessing = 0;
		};
/* End PBXSourcesBuildPhase section */

/* Begin PBXTargetDependency section */
		431CFB391A72939D00EFE132 /* PBXTargetDependency */ = {
			isa = PBXTargetDependency;
			target = 431CFB1A1A72939D00EFE132 /* Prototyper-Test */;
			targetProxy = 431CFB381A72939D00EFE132 /* PBXContainerItemProxy */;
		};
/* End PBXTargetDependency section */

/* Begin PBXVariantGroup section */
		431CFB2B1A72939D00EFE132 /* Main.storyboard */ = {
			isa = PBXVariantGroup;
			children = (
				431CFB2C1A72939D00EFE132 /* Base */,
			);
			name = Main.storyboard;
			sourceTree = "<group>";
		};
		431CFB301A72939D00EFE132 /* LaunchScreen.xib */ = {
			isa = PBXVariantGroup;
			children = (
				431CFB311A72939D00EFE132 /* Base */,
			);
			name = LaunchScreen.xib;
			sourceTree = "<group>";
		};
/* End PBXVariantGroup section */

/* Begin XCBuildConfiguration section */
		431CFB3F1A72939D00EFE132 /* Debug */ = {
			isa = XCBuildConfiguration;
			buildSettings = {
				ALWAYS_SEARCH_USER_PATHS = NO;
				CLANG_CXX_LANGUAGE_STANDARD = "gnu++0x";
				CLANG_CXX_LIBRARY = "libc++";
				CLANG_ENABLE_MODULES = YES;
				CLANG_ENABLE_OBJC_ARC = YES;
				CLANG_WARN_BOOL_CONVERSION = YES;
				CLANG_WARN_CONSTANT_CONVERSION = YES;
				CLANG_WARN_DIRECT_OBJC_ISA_USAGE = YES_ERROR;
				CLANG_WARN_EMPTY_BODY = YES;
				CLANG_WARN_ENUM_CONVERSION = YES;
				CLANG_WARN_INT_CONVERSION = YES;
				CLANG_WARN_OBJC_ROOT_CLASS = YES_ERROR;
				CLANG_WARN_UNREACHABLE_CODE = YES;
				CLANG_WARN__DUPLICATE_METHOD_MATCH = YES;
				"CODE_SIGN_IDENTITY[sdk=iphoneos*]" = "iPhone Developer";
				COPY_PHASE_STRIP = NO;
				ENABLE_STRICT_OBJC_MSGSEND = YES;
				GCC_C_LANGUAGE_STANDARD = gnu99;
				GCC_DYNAMIC_NO_PIC = NO;
				GCC_OPTIMIZATION_LEVEL = 0;
				GCC_PREPROCESSOR_DEFINITIONS = (
					"DEBUG=1",
					"$(inherited)",
				);
				GCC_SYMBOLS_PRIVATE_EXTERN = NO;
				GCC_WARN_64_TO_32_BIT_CONVERSION = YES;
				GCC_WARN_ABOUT_RETURN_TYPE = YES_ERROR;
				GCC_WARN_UNDECLARED_SELECTOR = YES;
				GCC_WARN_UNINITIALIZED_AUTOS = YES_AGGRESSIVE;
				GCC_WARN_UNUSED_FUNCTION = YES;
				GCC_WARN_UNUSED_VARIABLE = YES;
				IPHONEOS_DEPLOYMENT_TARGET = 8.1;
				MTL_ENABLE_DEBUG_INFO = YES;
				ONLY_ACTIVE_ARCH = YES;
				SDKROOT = iphoneos;
				TARGETED_DEVICE_FAMILY = "1,2";
			};
			name = Debug;
		};
		431CFB401A72939D00EFE132 /* Release */ = {
			isa = XCBuildConfiguration;
			buildSettings = {
				ALWAYS_SEARCH_USER_PATHS = NO;
				CLANG_CXX_LANGUAGE_STANDARD = "gnu++0x";
				CLANG_CXX_LIBRARY = "libc++";
				CLANG_ENABLE_MODULES = YES;
				CLANG_ENABLE_OBJC_ARC = YES;
				CLANG_WARN_BOOL_CONVERSION = YES;
				CLANG_WARN_CONSTANT_CONVERSION = YES;
				CLANG_WARN_DIRECT_OBJC_ISA_USAGE = YES_ERROR;
				CLANG_WARN_EMPTY_BODY = YES;
				CLANG_WARN_ENUM_CONVERSION = YES;
				CLANG_WARN_INT_CONVERSION = YES;
				CLANG_WARN_OBJC_ROOT_CLASS = YES_ERROR;
				CLANG_WARN_UNREACHABLE_CODE = YES;
				CLANG_WARN__DUPLICATE_METHOD_MATCH = YES;
				"CODE_SIGN_IDENTITY[sdk=iphoneos*]" = "iPhone Developer";
				COPY_PHASE_STRIP = YES;
				ENABLE_NS_ASSERTIONS = NO;
				ENABLE_STRICT_OBJC_MSGSEND = YES;
				GCC_C_LANGUAGE_STANDARD = gnu99;
				GCC_WARN_64_TO_32_BIT_CONVERSION = YES;
				GCC_WARN_ABOUT_RETURN_TYPE = YES_ERROR;
				GCC_WARN_UNDECLARED_SELECTOR = YES;
				GCC_WARN_UNINITIALIZED_AUTOS = YES_AGGRESSIVE;
				GCC_WARN_UNUSED_FUNCTION = YES;
				GCC_WARN_UNUSED_VARIABLE = YES;
				IPHONEOS_DEPLOYMENT_TARGET = 8.1;
				MTL_ENABLE_DEBUG_INFO = NO;
				SDKROOT = iphoneos;
				TARGETED_DEVICE_FAMILY = "1,2";
				VALIDATE_PRODUCT = YES;
			};
			name = Release;
		};
		431CFB421A72939D00EFE132 /* Debug */ = {
			isa = XCBuildConfiguration;
			buildSettings = {
				ASSETCATALOG_COMPILER_APPICON_NAME = AppIcon;
				INFOPLIST_FILE = "Prototyper-Test/Info.plist";
				LD_RUNPATH_SEARCH_PATHS = "$(inherited) @executable_path/Frameworks";
				PRODUCT_NAME = "$(TARGET_NAME)";
			};
			name = Debug;
		};
		431CFB431A72939D00EFE132 /* Release */ = {
			isa = XCBuildConfiguration;
			buildSettings = {
				ASSETCATALOG_COMPILER_APPICON_NAME = AppIcon;
				INFOPLIST_FILE = "Prototyper-Test/Info.plist";
				LD_RUNPATH_SEARCH_PATHS = "$(inherited) @executable_path/Frameworks";
				PRODUCT_NAME = "$(TARGET_NAME)";
			};
			name = Release;
		};
		431CFB451A72939D00EFE132 /* Debug */ = {
			isa = XCBuildConfiguration;
			buildSettings = {
				BUNDLE_LOADER = "$(TEST_HOST)";
				FRAMEWORK_SEARCH_PATHS = (
					"$(SDKROOT)/Developer/Library/Frameworks",
					"$(inherited)",
				);
				GCC_PREPROCESSOR_DEFINITIONS = (
					"DEBUG=1",
					"$(inherited)",
				);
				INFOPLIST_FILE = "Prototyper-TestTests/Info.plist";
				LD_RUNPATH_SEARCH_PATHS = "$(inherited) @executable_path/Frameworks @loader_path/Frameworks";
				PRODUCT_NAME = "$(TARGET_NAME)";
				TEST_HOST = "$(BUILT_PRODUCTS_DIR)/Prototyper-Test.app/Prototyper-Test";
			};
			name = Debug;
		};
		431CFB461A72939D00EFE132 /* Release */ = {
			isa = XCBuildConfiguration;
			buildSettings = {
				BUNDLE_LOADER = "$(TEST_HOST)";
				FRAMEWORK_SEARCH_PATHS = (
					"$(SDKROOT)/Developer/Library/Frameworks",
					"$(inherited)",
				);
				INFOPLIST_FILE = "Prototyper-TestTests/Info.plist";
				LD_RUNPATH_SEARCH_PATHS = "$(inherited) @executable_path/Frameworks @loader_path/Frameworks";
				PRODUCT_NAME = "$(TARGET_NAME)";
				TEST_HOST = "$(BUILT_PRODUCTS_DIR)/Prototyper-Test.app/Prototyper-Test";
			};
			name = Release;
		};
/* End XCBuildConfiguration section */

/* Begin XCConfigurationList section */
		431CFB161A72939D00EFE132 /* Build configuration list for PBXProject "Prototyper-Test" */ = {
			isa = XCConfigurationList;
			buildConfigurations = (
				431CFB3F1A72939D00EFE132 /* Debug */,
				431CFB401A72939D00EFE132 /* Release */,
			);
			defaultConfigurationIsVisible = 0;
			defaultConfigurationName = Release;
		};
		431CFB411A72939D00EFE132 /* Build configuration list for PBXNativeTarget "Prototyper-Test" */ = {
			isa = XCConfigurationList;
			buildConfigurations = (
				431CFB421A72939D00EFE132 /* Debug */,
				431CFB431A72939D00EFE132 /* Release */,
			);
			defaultConfigurationIsVisible = 0;
		};
		431CFB441A72939D00EFE132 /* Build configuration list for PBXNativeTarget "Prototyper-TestTests" */ = {
			isa = XCConfigurationList;
			buildConfigurations = (
				431CFB451A72939D00EFE132 /* Debug */,
				431CFB461A72939D00EFE132 /* Release */,
			);
			defaultConfigurationIsVisible = 0;
		};
/* End XCConfigurationList section */
	};
	rootObject = 431CFB131A72939D00EFE132 /* Project object */;
}
